
Microsoft Visual Studio Solution File, Format Version 12.00
# Visual Studio Version 17
VisualStudioVersion = 17.4.33110.190
MinimumVisualStudioVersion = 10.0.40219.1
Project("{FAE04EC0-301F-11D3-BF4B-00C04F79EFBC}") = "TelegramBot", "TelegramBot\TelegramBot.csproj", "{125B1C6B-5332-48EA-B12C-DBA462BDBB17}"
EndProject
Global
	GlobalSection(SolutionConfigurationPlatforms) = preSolution
		Debug|Any CPU = Debug|Any CPU
		Release|Any CPU = Release|Any CPU
	EndGlobalSection
	GlobalSection(ProjectConfigurationPlatforms) = postSolution
		{125B1C6B-5332-48EA-B12C-DBA462BDBB17}.Debug|Any CPU.ActiveCfg = Debug|Any CPU
		{125B1C6B-5332-48EA-B12C-DBA462BDBB17}.Debug|Any CPU.Build.0 = Debug|Any CPU
		{125B1C6B-5332-48EA-B12C-DBA462BDBB17}.Release|Any CPU.ActiveCfg = Release|Any CPU
		{125B1C6B-5332-48EA-B12C-DBA462BDBB17}.Release|Any CPU.Build.0 = Release|Any CPU
	EndGlobalSection
	GlobalSection(SolutionProperties) = preSolution
		HideSolutionNode = FALSE
	EndGlobalSection
	GlobalSection(ExtensibilityGlobals) = postSolution
		SolutionGuid = {63988166-E535-447C-93E0-DE174C5398B8}
	EndGlobalSection
EndGlobal
